
Microsoft Visual Studio Solution File, Format Version 12.00
# Visual Studio Version 17
VisualStudioVersion = 17.13.35818.85 d17.13
MinimumVisualStudioVersion = 10.0.40219.1
Project("{FAE04EC0-301F-11D3-BF4B-00C04F79EFBC}") = "atv1", "atv1\atv1.csproj", "{3D37E3C1-8D8E-44BC-8BDA-D9656AE09EBF}"
EndProject
Global
	GlobalSection(SolutionConfigurationPlatforms) = preSolution
		Debug|Any CPU = Debug|Any CPU
		Release|Any CPU = Release|Any CPU
	EndGlobalSection
	GlobalSection(ProjectConfigurationPlatforms) = postSolution
		{3D37E3C1-8D8E-44BC-8BDA-D9656AE09EBF}.Debug|Any CPU.ActiveCfg = Debug|Any CPU
		{3D37E3C1-8D8E-44BC-8BDA-D9656AE09EBF}.Debug|Any CPU.Build.0 = Debug|Any CPU
		{3D37E3C1-8D8E-44BC-8BDA-D9656AE09EBF}.Release|Any CPU.ActiveCfg = Release|Any CPU
		{3D37E3C1-8D8E-44BC-8BDA-D9656AE09EBF}.Release|Any CPU.Build.0 = Release|Any CPU
	EndGlobalSection
	GlobalSection(SolutionProperties) = preSolution
		HideSolutionNode = FALSE
	EndGlobalSection
	GlobalSection(ExtensibilityGlobals) = postSolution
		SolutionGuid = {F7FE534F-1CB8-4EB6-837B-2934EAC3F71A}
	EndGlobalSection
EndGlobal
